dependencies:
  command-line-args: 5.1.1
  command-line-usage: 5.0.5
  cors: 2.8.5
  express: 4.17.1
  geojson-vt: 3.2.1
  vt-pbf: 3.1.1
devDependencies:
  '@types/command-line-args': 5.0.0
  '@types/cors': 2.8.5
  '@types/express': 4.17.0
  '@types/geojson': 7946.0.7
  '@types/node': 12.0.8
  tsc-watch: 2.2.1_typescript@3.5.2
  typescript: 3.5.2
lockfileVersion: 5.1
packages:
  /@mapbox/point-geometry/0.1.0:
    dev: false
    resolution:
      integrity: sha1-ioP5M1x4YO/6Lu7KJUMyqgru2PI=
  /@mapbox/vector-tile/1.3.1:
    dependencies:
      '@mapbox/point-geometry': 0.1.0
    dev: false
    resolution:
      integrity: sha512-MCEddb8u44/xfQ3oD+Srl/tNcQoqTw3goGk2oLsrFxOTc3dUp+kAnby3PvAeeBYSMSjSPD1nd1AJA6W49WnoUw==
  /@types/body-parser/1.17.0:
    dependencies:
      '@types/connect': 3.4.32
      '@types/node': 12.0.8
    dev: true
    resolution:
      integrity: sha512-a2+YeUjPkztKJu5aIF2yArYFQQp8d51wZ7DavSHjFuY1mqVgidGyzEQ41JIVNy82fXj8yPgy2vJmfIywgESW6w==
  /@types/command-line-args/5.0.0:
    dev: true
    resolution:
      integrity: sha512-4eOPXyn5DmP64MCMF8ePDvdlvlzt2a+F8ZaVjqmh2yFCpGjc1kI3kGnCFYX9SCsGTjQcWIyVZ86IHCEyjy/MNg==
  /@types/connect/3.4.32:
    dependencies:
      '@types/node': 12.0.8
    dev: true
    resolution:
      integrity: sha512-4r8qa0quOvh7lGD0pre62CAb1oni1OO6ecJLGCezTmhQ8Fz50Arx9RUszryR8KlgK6avuSXvviL6yWyViQABOg==
  /@types/cors/2.8.5:
    dependencies:
      '@types/express': 4.17.0
    dev: true
    resolution:
      integrity: sha512-GmK8AKu8i+s+EChK/uZ5IbrXPcPaQKWaNSGevDT/7o3gFObwSUQwqb1jMqxuo+YPvj0ckGzINI+EO7EHcmJjKg==
  /@types/express-serve-static-core/4.16.7:
    dependencies:
      '@types/node': 12.0.8
      '@types/range-parser': 1.2.3
    dev: true
    resolution:
      integrity: sha512-847KvL8Q1y3TtFLRTXcVakErLJQgdpFSaq+k043xefz9raEf0C7HalpSY7OW5PyjCnY8P7bPW5t/Co9qqp+USg==
  /@types/express/4.17.0:
    dependencies:
      '@types/body-parser': 1.17.0
      '@types/express-serve-static-core': 4.16.7
      '@types/serve-static': 1.13.2
    dev: true
    resolution:
      integrity: sha512-CjaMu57cjgjuZbh9DpkloeGxV45CnMGlVd+XpG7Gm9QgVrd7KFq+X4HY0vM+2v0bczS48Wg7bvnMY5TN+Xmcfw==
  /@types/geojson/7946.0.7:
    dev: true
    resolution:
      integrity: sha512-wE2v81i4C4Ol09RtsWFAqg3BUitWbHSpSlIo+bNdsCJijO9sjme+zm+73ZMCa/qMC8UEERxzGbvmr1cffo2SiQ==
  /@types/mime/2.0.1:
    dev: true
    resolution:
      integrity: sha512-FwI9gX75FgVBJ7ywgnq/P7tw+/o1GUbtP0KzbtusLigAOgIgNISRK0ZPl4qertvXSIE8YbsVJueQ90cDt9YYyw==
  /@types/node/12.0.8:
    dev: true
    resolution:
      integrity: sha512-b8bbUOTwzIY3V5vDTY1fIJ+ePKDUBqt2hC2woVGotdQQhG/2Sh62HOKHrT7ab+VerXAcPyAiTEipPu/FsreUtg==
  /@types/range-parser/1.2.3:
    dev: true
    resolution:
      integrity: sha512-ewFXqrQHlFsgc09MK5jP5iR7vumV/BYayNC6PgJO2LPe8vrnNFyjQjSppfEngITi0qvfKtzFvgKymGheFM9UOA==
  /@types/serve-static/1.13.2:
    dependencies:
      '@types/express-serve-static-core': 4.16.7
      '@types/mime': 2.0.1
    dev: true
    resolution:
      integrity: sha512-/BZ4QRLpH/bNYgZgwhKEh+5AsboDBcUdlBYgzoLX0fpj3Y2gp6EApyOlM3bK53wQS/OE1SrdSYBAbux2D1528Q==
  /accepts/1.3.7:
    dependencies:
      mime-types: 2.1.24
      negotiator: 0.6.2
    dev: false
    engines:
      node: '>= 0.6'
    resolution:
      integrity: sha512-Il80Qs2WjYlJIBNzNkK6KYqlVMTbZLXgHx2oT0pU/fjRHyEp+PEfEPY0R3WCwAGVOtauxh1hOxNgIf5bv7dQpA==
  /ansi-regex/3.0.0:
    dev: true
    engines:
      node: '>=4'
    resolution:
      integrity: sha1-7QMXwyIGT3lGbAKWa922Bas32Zg=
  /ansi-styles/3.2.1:
    dependencies:
      color-convert: 1.9.3
    dev: false
    engines:
      node: '>=4'
    resolution:
      integrity: sha512-VT0ZI6kZRdTh8YyJw3SMbYm/u+NqfsAxEpWO0Pf9sq8/e94WxxOpPKx9FR1FlyCtOVDNOQ+8ntlqFxiRc+r5qA==
  /array-back/2.0.0:
    dependencies:
      typical: 2.6.1
    dev: false
    engines:
      node: '>=4'
    resolution:
      integrity: sha512-eJv4pLLufP3g5kcZry0j6WXpIbzYw9GUB4mVJZno9wfwiBxbizTnHCw3VJb07cBihbFX48Y7oSrW9y+gt4glyw==
  /array-back/3.1.0:
    dev: false
    engines:
      node: '>=6'
    resolution:
      integrity: sha512-TkuxA4UCOvxuDK6NZYXCalszEzj+TLszyASooky+i742l9TqsOdYCMJJupxRic61hwquNtppB3hgcuq9SVSH1Q==
  /array-flatten/1.1.1:
    dev: false
    resolution:
      integrity: sha1-ml9pkFGx5wczKPKgCJaLZOopVdI=
  /body-parser/1.19.0:
    dependencies:
      bytes: 3.1.0
      content-type: 1.0.4
      debug: 2.6.9
      depd: 1.1.2
      http-errors: 1.7.2
      iconv-lite: 0.4.24
      on-finished: 2.3.0
      qs: 6.7.0
      raw-body: 2.4.0
      type-is: 1.6.18
    dev: false
    engines:
      node: '>= 0.8'
    resolution:
      integrity: sha512-dhEPs72UPbDnAQJ9ZKMNTP6ptJaionhP5cBb541nXPlW60Jepo9RV/a4fX4XWW9CuFNK22krhrj1+rgzifNCsw==
  /bytes/3.1.0:
    dev: false
    engines:
      node: '>= 0.8'
    resolution:
      integrity: sha512-zauLjrfCG+xvoyaqLoV8bLVXXNGC4JqlxFCutSDWA6fJrTo2ZuvLYTqZ7aHBLZSMOopbzwv8f+wZcVzfVTI2Dg==
  /chalk/2.4.2:
    dependencies:
      ansi-styles: 3.2.1
      escape-string-regexp: 1.0.5
      supports-color: 5.5.0
    dev: false
    engines:
      node: '>=4'
    resolution:
      integrity: sha512-Mti+f9lpJNcwF4tWV8/OrTTtF1gZi+f8FqlyAdouralcFWFQWF2+NgCHShjkCb+IFBLq9buZwE1xckQU4peSuQ==
  /color-convert/1.9.3:
    dependencies:
      color-name: 1.1.3
    dev: false
    resolution:
      integrity: sha512-QfAUtd+vFdAtFQcC8CCyYt1fYWxSqAiK2cSD6zDB8N3cpsEBAvRxp9zOGg6G/SHHJYAT88/az/IuDGALsNVbGg==
  /color-name/1.1.3:
    dev: false
    resolution:
      integrity: sha1-p9BVi9icQveV3UIyj3QIMcpTvCU=
  /command-line-args/5.1.1:
    dependencies:
      array-back: 3.1.0
      find-replace: 3.0.0
      lodash.camelcase: 4.3.0
      typical: 4.0.0
    dev: false
    engines:
      node: '>=4.0.0'
    resolution:
      integrity: sha512-hL/eG8lrll1Qy1ezvkant+trihbGnaKaeEjj6Scyr3DN+RC7iQ5Rz84IeLERfAWDGo0HBSNAakczwgCilDXnWg==
  /command-line-usage/5.0.5:
    dependencies:
      array-back: 2.0.0
      chalk: 2.4.2
      table-layout: 0.4.4
      typical: 2.6.1
    dev: false
    engines:
      node: '>=4.0.0'
    resolution:
      integrity: sha512-d8NrGylA5oCXSbGoKz05FkehDAzSmIm4K03S5VDh4d5lZAtTWfc3D1RuETtuQCn8129nYfJfDdF7P/lwcz1BlA==
  /content-disposition/0.5.3:
    dependencies:
      safe-buffer: 5.1.2
    dev: false
    engines:
      node: '>= 0.6'
    resolution:
      integrity: sha512-ExO0774ikEObIAEV9kDo50o+79VCUdEB6n6lzKgGwupcVeRlhrj3qGAfwq8G6uBJjkqLrhT0qEYFcWng8z1z0g==
  /content-type/1.0.4:
    dev: false
    engines:
      node: '>= 0.6'
    resolution:
      integrity: sha512-hIP3EEPs8tB9AT1L+NUqtwOAps4mk2Zob89MWXMHjHWg9milF/j4osnnQLXBCBFBk/tvIG/tUc9mOUJiPBhPXA==
  /cookie-signature/1.0.6:
    dev: false
    resolution:
      integrity: sha1-4wOogrNCzD7oylE6eZmXNNqzriw=
  /cookie/0.4.0:
    dev: false
    engines:
      node: '>= 0.6'
    resolution:
      integrity: sha512-+Hp8fLp57wnUSt0tY0tHEXh4voZRDnoIrZPqlo3DPiI4y9lwg/jqx+1Om94/W6ZaPDOUbnjOt/99w66zk+l1Xg==
  /cors/2.8.5:
    dependencies:
      object-assign: 4.1.1
      vary: 1.1.2
    dev: false
    engines:
      node: '>= 0.10'
    resolution:
      integrity: sha512-KIHbLJqu73RGr/hnbrO9uBeixNGuvSQjul/jdFvS/KFSIH1hWVd1ng7zOHx+YrEfInLG7q4n6GHQ9cDtxv/P6g==
  /cross-spawn/5.1.0:
    dependencies:
      lru-cache: 4.1.5
      shebang-command: 1.2.0
      which: 1.3.1
    dev: true
    resolution:
      integrity: sha1-6L0O/uWPz/b4+UUQoKVUu/ojVEk=
  /debug/2.6.9:
    dependencies:
      ms: 2.0.0
    dev: false
    resolution:
      integrity: sha512-bC7ElrdJaJnPbAP+1EotYvqZsb3ecl5wi6Bfi6BJTUcNowp6cvspg0jXznRTKDjm/E7AdgFBVeAPVMNcKGsHMA==
  /deep-extend/0.6.0:
    dev: false
    engines:
      node: '>=4.0.0'
    resolution:
      integrity: sha512-LOHxIOaPYdHlJRtCQfDIVZtfw/ufM8+rVj649RIHzcm/vGwQRXFt6OPqIFWsm2XEMrNIEtWR64sY1LEKD2vAOA==
  /depd/1.1.2:
    dev: false
    engines:
      node: '>= 0.6'
    resolution:
      integrity: sha1-m81S4UwJd2PnSbJ0xDRu0uVgtak=
  /destroy/1.0.4:
    dev: false
    resolution:
      integrity: sha1-l4hXRCxEdJ5CBmE+N5RiBYJqvYA=
  /duplexer/0.1.1:
    dev: true
    resolution:
      integrity: sha1-rOb/gIwc5mtX0ev5eXessCM0z8E=
  /ee-first/1.1.1:
    dev: false
    resolution:
      integrity: sha1-WQxhFWsK4vTwJVcyoViyZrxWsh0=
  /encodeurl/1.0.2:
    dev: false
    engines:
      node: '>= 0.8'
    resolution:
      integrity: sha1-rT/0yG7C0CkyL1oCw6mmBslbP1k=
  /escape-html/1.0.3:
    dev: false
    resolution:
      integrity: sha1-Aljq5NPQwJdN4cFpGI7wBR0dGYg=
  /escape-string-regexp/1.0.5:
    dev: false
    engines:
      node: '>=0.8.0'
    resolution:
      integrity: sha1-G2HAViGQqN/2rjuyzwIAyhMLhtQ=
  /etag/1.8.1:
    dev: false
    engines:
      node: '>= 0.6'
    resolution:
      integrity: sha1-Qa4u62XvpiJorr/qg6x9eSmbCIc=
  /event-stream/3.3.4:
    dependencies:
      duplexer: 0.1.1
      from: 0.1.7
      map-stream: 0.1.0
      pause-stream: 0.0.11
      split: 0.3.3
      stream-combiner: 0.0.4
      through: 2.3.8
    dev: true
    resolution:
      integrity: sha1-SrTJoPWlTbkzi0w02Gv86PSzVXE=
  /express/4.17.1:
    dependencies:
      accepts: 1.3.7
      array-flatten: 1.1.1
      body-parser: 1.19.0
      content-disposition: 0.5.3
      content-type: 1.0.4
      cookie: 0.4.0
      cookie-signature: 1.0.6
      debug: 2.6.9
      depd: 1.1.2
      encodeurl: 1.0.2
      escape-html: 1.0.3
      etag: 1.8.1
      finalhandler: 1.1.2
      fresh: 0.5.2
      merge-descriptors: 1.0.1
      methods: 1.1.2
      on-finished: 2.3.0
      parseurl: 1.3.3
      path-to-regexp: 0.1.7
      proxy-addr: 2.0.5
      qs: 6.7.0
      range-parser: 1.2.1
      safe-buffer: 5.1.2
      send: 0.17.1
      serve-static: 1.14.1
      setprototypeof: 1.1.1
      statuses: 1.5.0
      type-is: 1.6.18
      utils-merge: 1.0.1
      vary: 1.1.2
    dev: false
    engines:
      node: '>= 0.10.0'
    resolution:
      integrity: sha512-mHJ9O79RqluphRrcw2X/GTh3k9tVv8YcoyY4Kkh4WDMUYKRZUq0h1o0w2rrrxBqM7VoeUVqgb27xlEMXTnYt4g==
  /finalhandler/1.1.2:
    dependencies:
      debug: 2.6.9
      encodeurl: 1.0.2
      escape-html: 1.0.3
      on-finished: 2.3.0
      parseurl: 1.3.3
      statuses: 1.5.0
      unpipe: 1.0.0
    dev: false
    engines:
      node: '>= 0.8'
    resolution:
      integrity: sha512-aAWcW57uxVNrQZqFXjITpW3sIUQmHGG3qSb9mUah9MgMC4NeWhNOlNjXEYq3HjRAvL6arUviZGGJsBg6z0zsWA==
  /find-replace/3.0.0:
    dependencies:
      array-back: 3.1.0
    dev: false
    engines:
      node: '>=4.0.0'
    resolution:
      integrity: sha512-6Tb2myMioCAgv5kfvP5/PkZZ/ntTpVK39fHY7WkWBgvbeE+VHd/tZuZ4mrC+bxh4cfOZeYKVPaJIZtZXV7GNCQ==
  /forwarded/0.1.2:
    dev: false
    engines:
      node: '>= 0.6'
    resolution:
      integrity: sha1-mMI9qxF1ZXuMBXPozszZGw/xjIQ=
  /fresh/0.5.2:
    dev: false
    engines:
      node: '>= 0.6'
    resolution:
      integrity: sha1-PYyt2Q2XZWn6g1qx+OSyOhBWBac=
  /from/0.1.7:
    dev: true
    resolution:
      integrity: sha1-g8YK/Fi5xWmXAH7Rp2izqzA6RP4=
  /geojson-vt/3.2.1:
    dev: false
    resolution:
      integrity: sha512-EvGQQi/zPrDA6zr6BnJD/YhwAkBP8nnJ9emh3EnHQKVMfg/MRVtPbMYdgVy/IaEmn4UfagD2a6fafPDL5hbtwg==
  /has-flag/3.0.0:
    dev: false
    engines:
      node: '>=4'
    resolution:
      integrity: sha1-tdRU3CGZriJWmfNGfloH87lVuv0=
  /http-errors/1.7.2:
    dependencies:
      depd: 1.1.2
      inherits: 2.0.3
      setprototypeof: 1.1.1
      statuses: 1.5.0
      toidentifier: 1.0.0
    dev: false
    engines:
      node: '>= 0.6'
    resolution:
      integrity: sha512-uUQBt3H/cSIVfch6i1EuPNy/YsRSOUBXTVfZ+yR7Zjez3qjBz6i9+i4zjNaoqcoFVI4lQJ5plg63TvGfRSDCRg==
  /iconv-lite/0.4.24:
    dependencies:
      safer-buffer: 2.1.2
    dev: false
    engines:
      node: '>=0.10.0'
    resolution:
      integrity: sha512-v3MXnZAcvnywkTUEZomIActle7RXXeedOR31wwl7VlyoXO4Qi9arvSenNQWne1TcRwhCL1HwLI21bEqdpj8/rA==
  /ieee754/1.1.13:
    dev: false
    resolution:
      integrity: sha512-4vf7I2LYV/HaWerSo3XmlMkp5eZ83i+/CDluXi/IGTs/O1sejBNhTtnxzmRZfvOUqj7lZjqHkeTvpgSFDlWZTg==
  /inherits/2.0.3:
    dev: false
    resolution:
      integrity: sha1-Yzwsg+PaQqUC9SRmAiSA9CCCYd4=
  /ipaddr.js/1.9.0:
    dev: false
    engines:
      node: '>= 0.10'
    resolution:
      integrity: sha512-M4Sjn6N/+O6/IXSJseKqHoFc+5FdGJ22sXqnjTpdZweHK64MzEPAyQZyEU3R/KRv2GLoa7nNtg/C2Ev6m7z+eA==
  /isexe/2.0.0:
    dev: true
    resolution:
      integrity: sha1-6PvzdNxVb/iUehDcsFctYz8s+hA=
  /lodash.camelcase/4.3.0:
    dev: false
    resolution:
      integrity: sha1-soqmKIorn8ZRA1x3EfZathkDMaY=
  /lodash.padend/4.6.1:
    dev: false
    resolution:
      integrity: sha1-U8y6BH0G4VjTEfRdpiX05J5vFm4=
  /lru-cache/4.1.5:
    dependencies:
      pseudomap: 1.0.2
      yallist: 2.1.2
    dev: true
    resolution:
      integrity: sha512-sWZlbEP2OsHNkXrMl5GYk/jKk70MBng6UU4YI/qGDYbgf6YbP4EvmqISbXCoJiRKs+1bSpFHVgQxvJ17F2li5g==
  /map-stream/0.1.0:
    dev: true
    resolution:
      integrity: sha1-5WqpTEyAVaFkBKBnS3jyFffI4ZQ=
  /media-typer/0.3.0:
    dev: false
    engines:
      node: '>= 0.6'
    resolution:
      integrity: sha1-hxDXrwqmJvj/+hzgAWhUUmMlV0g=
  /merge-descriptors/1.0.1:
    dev: false
    resolution:
      integrity: sha1-sAqqVW3YtEVoFQ7J0blT8/kMu2E=
  /methods/1.1.2:
    dev: false
    engines:
      node: '>= 0.6'
    resolution:
      integrity: sha1-VSmk1nZUE07cxSZmVoNbD4Ua/O4=
  /mime-db/1.40.0:
    dev: false
    engines:
      node: '>= 0.6'
    resolution:
      integrity: sha512-jYdeOMPy9vnxEqFRRo6ZvTZ8d9oPb+k18PKoYNYUe2stVEBPPwsln/qWzdbmaIvnhZ9v2P+CuecK+fpUfsV2mA==
  /mime-types/2.1.24:
    dependencies:
      mime-db: 1.40.0
    dev: false
    engines:
      node: '>= 0.6'
    resolution:
      integrity: sha512-WaFHS3MCl5fapm3oLxU4eYDw77IQM2ACcxQ9RIxfaC3ooc6PFuBMGZZsYpvoXS5D5QTWPieo1jjLdAm3TBP3cQ==
  /mime/1.6.0:
    dev: false
    engines:
      node: '>=4'
    hasBin: true
    resolution:
      integrity: sha512-x0Vn8spI+wuJ1O6S7gnbaQg8Pxh4NNHb7KSINmEWKiPE4RKOplvijn+NkmYmmRgP68mc70j2EbeTFRsrswaQeg==
  /ms/2.0.0:
    dev: false
    resolution:
      integrity: sha1-VgiurfwAvmwpAd9fmGF4jeDVl8g=
  /ms/2.1.1:
    dev: false
    resolution:
      integrity: sha512-tgp+dl5cGk28utYktBsrFqA7HKgrhgPsg6Z/EfhWI4gl1Hwq8B/GmY/0oXZ6nF8hDVesS/FpnYaD/kOWhYQvyg==
  /negotiator/0.6.2:
    dev: false
    engines:
      node: '>= 0.6'
    resolution:
      integrity: sha512-hZXc7K2e+PgeI1eDBe/10Ard4ekbfrrqG8Ep+8Jmf4JID2bNg7NvCPOZN+kfF574pFQI7mum2AUqDidoKqcTOw==
  /node-cleanup/2.1.2:
    dev: true
    resolution:
      integrity: sha1-esGavSl+Caf3KnFUXZUbUX5N3iw=
  /object-assign/4.1.1:
    dev: false
    engines:
      node: '>=0.10.0'
    resolution:
      integrity: sha1-IQmtx5ZYh8/AXLvUQsrIv7s2CGM=
  /on-finished/2.3.0:
    dependencies:
      ee-first: 1.1.1
    dev: false
    engines:
      node: '>= 0.8'
    resolution:
      integrity: sha1-IPEzZIGwg811M3mSoWlxqi2QaUc=
  /parseurl/1.3.3:
    dev: false
    engines:
      node: '>= 0.8'
    resolution:
      integrity: sha512-CiyeOxFT/JZyN5m0z9PfXw4SCBJ6Sygz1Dpl0wqjlhDEGGBP1GnsUVEL0p63hoG1fcj3fHynXi9NYO4nWOL+qQ==
  /path-to-regexp/0.1.7:
    dev: false
    resolution:
      integrity: sha1-32BBeABfUi8V60SQ5yR6G/qmf4w=
  /pause-stream/0.0.11:
    dependencies:
      through: 2.3.8
    dev: true
    resolution:
      integrity: sha1-/lo0sMvOErWqaitAPuLnO2AvFEU=
  /pbf/3.2.0:
    dependencies:
      ieee754: 1.1.13
      resolve-protobuf-schema: 2.1.0
    dev: false
    hasBin: true
    resolution:
      integrity: sha512-98Eh7rsJNJF/Im6XYMLaOW3cLnNyedlOd6hu3iWMD5I7FZGgpw8yN3vQBrmLbLodu7G784Irb9Qsv2yFrxSAGw==
  /protocol-buffers-schema/3.3.2:
    dev: false
    resolution:
      integrity: sha512-Xdayp8sB/mU+sUV4G7ws8xtYMGdQnxbeIfLjyO9TZZRJdztBGhlmbI5x1qcY4TG5hBkIKGnc28i7nXxaugu88w==
  /proxy-addr/2.0.5:
    dependencies:
      forwarded: 0.1.2
      ipaddr.js: 1.9.0
    dev: false
    engines:
      node: '>= 0.10'
    resolution:
      integrity: sha512-t/7RxHXPH6cJtP0pRG6smSr9QJidhB+3kXu0KgXnbGYMgzEnUxRQ4/LDdfOwZEMyIh3/xHb8PX3t+lfL9z+YVQ==
  /ps-tree/1.2.0:
    dependencies:
      event-stream: 3.3.4
    dev: true
    engines:
      node: '>= 0.10'
    hasBin: true
    resolution:
      integrity: sha512-0VnamPPYHl4uaU/nSFeZZpR21QAWRz+sRv4iW9+v/GS/J5U5iZB5BNN6J0RMoOvdx2gWM2+ZFMIm58q24e4UYA==
  /pseudomap/1.0.2:
    dev: true
    resolution:
      integrity: sha1-8FKijacOYYkX7wqKw0wa5aaChrM=
  /qs/6.7.0:
    dev: false
    engines:
      node: '>=0.6'
    resolution:
      integrity: sha512-VCdBRNFTX1fyE7Nb6FYoURo/SPe62QCaAyzJvUjwRaIsc+NePBEniHlvxFmmX56+HZphIGtV0XeCirBtpDrTyQ==
  /range-parser/1.2.1:
    dev: false
    engines:
      node: '>= 0.6'
    resolution:
      integrity: sha512-Hrgsx+orqoygnmhFbKaHE6c296J+HTAQXoxEF6gNupROmmGJRoyzfG3ccAveqCBrwr/2yxQ5BVd/GTl5agOwSg==
  /raw-body/2.4.0:
    dependencies:
      bytes: 3.1.0
      http-errors: 1.7.2
      iconv-lite: 0.4.24
      unpipe: 1.0.0
    dev: false
    engines:
      node: '>= 0.8'
    resolution:
      integrity: sha512-4Oz8DUIwdvoa5qMJelxipzi/iJIi40O5cGV1wNYp5hvZP8ZN0T+jiNkL0QepXs+EsQ9XJ8ipEDoiH70ySUJP3Q==
  /reduce-flatten/1.0.1:
    dev: false
    engines:
      node: '>=0.10.0'
    resolution:
      integrity: sha1-JYx479FT3fk8tWEjf2EYTzaW4yc=
  /resolve-protobuf-schema/2.1.0:
    dependencies:
      protocol-buffers-schema: 3.3.2
    dev: false
    resolution:
      integrity: sha512-kI5ffTiZWmJaS/huM8wZfEMer1eRd7oJQhDuxeCLe3t7N7mX3z94CN0xPxBQxFYQTSNz9T0i+v6inKqSdK8xrQ==
  /safe-buffer/5.1.2:
    dev: false
    resolution:
      integrity: sha512-Gd2UZBJDkXlY7GbJxfsE8/nvKkUEU1G38c1siN6QP6a9PT9MmHB8GnpscSmMJSoF8LOIrt8ud/wPtojys4G6+g==
  /safer-buffer/2.1.2:
    dev: false
    resolution:
      integrity: sha512-YZo3K82SD7Riyi0E1EQPojLz7kpepnSQI9IyPbHHg1XXXevb5dJI7tpyN2ADxGcQbHG7vcyRHk0cbwqcQriUtg==
  /send/0.17.1:
    dependencies:
      debug: 2.6.9
      depd: 1.1.2
      destroy: 1.0.4
      encodeurl: 1.0.2
      escape-html: 1.0.3
      etag: 1.8.1
      fresh: 0.5.2
      http-errors: 1.7.2
      mime: 1.6.0
      ms: 2.1.1
      on-finished: 2.3.0
      range-parser: 1.2.1
      statuses: 1.5.0
    dev: false
    engines:
      node: '>= 0.8.0'
    resolution:
      integrity: sha512-BsVKsiGcQMFwT8UxypobUKyv7irCNRHk1T0G680vk88yf6LBByGcZJOTJCrTP2xVN6yI+XjPJcNuE3V4fT9sAg==
  /serve-static/1.14.1:
    dependencies:
      encodeurl: 1.0.2
      escape-html: 1.0.3
      parseurl: 1.3.3
      send: 0.17.1
    dev: false
    engines:
      node: '>= 0.8.0'
    resolution:
      integrity: sha512-JMrvUwE54emCYWlTI+hGrGv5I8dEwmco/00EvkzIIsR7MqrHonbD9pO2MOfFnpFntl7ecpZs+3mW+XbQZu9QCg==
  /setprototypeof/1.1.1:
    dev: false
    resolution:
      integrity: sha512-JvdAWfbXeIGaZ9cILp38HntZSFSo3mWg6xGcJJsd+d4aRMOqauag1C63dJfDw7OaMYwEbHMOxEZ1lqVRYP2OAw==
  /shebang-command/1.2.0:
    dependencies:
      shebang-regex: 1.0.0
    dev: true
    engines:
      node: '>=0.10.0'
    resolution:
      integrity: sha1-RKrGW2lbAzmJaMOfNj/uXer98eo=
  /shebang-regex/1.0.0:
    dev: true
    engines:
      node: '>=0.10.0'
    resolution:
      integrity: sha1-2kL0l0DAtC2yypcoVxyxkMmO/qM=
  /split/0.3.3:
    dependencies:
      through: 2.3.8
    dev: true
    resolution:
      integrity: sha1-zQ7qXmOiEd//frDwkcQTPi0N0o8=
  /statuses/1.5.0:
    dev: false
    engines:
      node: '>= 0.6'
    resolution:
      integrity: sha1-Fhx9rBd2Wf2YEfQ3cfqZOBR4Yow=
  /stream-combiner/0.0.4:
    dependencies:
      duplexer: 0.1.1
    dev: true
    resolution:
      integrity: sha1-TV5DPBhSYd3mI8o/RMWGvPXErRQ=
  /string-argv/0.1.2:
    dev: true
    engines:
      node: '>=0.6.19'
    resolution:
      integrity: sha512-mBqPGEOMNJKXRo7z0keX0wlAhbBAjilUdPW13nN0PecVryZxdHIeM7TqbsSUA7VYuS00HGC6mojP7DlQzfa9ZA==
  /strip-ansi/4.0.0:
    dependencies:
      ansi-regex: 3.0.0
    dev: true
    engines:
      node: '>=4'
    resolution:
      integrity: sha1-qEeQIusaw2iocTibY1JixQXuNo8=
  /supports-color/5.5.0:
    dependencies:
      has-flag: 3.0.0
    dev: false
    engines:
      node: '>=4'
    resolution:
      integrity: sha512-QjVjwdXIt408MIiAqCX4oUKsgU2EqAGzs2Ppkm4aQYbjm+ZEWEcW4SfFNTr4uMNZma0ey4f5lgLrkB0aX0QMow==
  /table-layout/0.4.4:
    dependencies:
      array-back: 2.0.0
      deep-extend: 0.6.0
      lodash.padend: 4.6.1
      typical: 2.6.1
      wordwrapjs: 3.0.0
    dev: false
    engines:
      node: '>=4.0.0'
    resolution:
      integrity: sha512-uNaR3SRMJwfdp9OUr36eyEi6LLsbcTqTO/hfTsNviKsNeyMBPICJCC7QXRF3+07bAP6FRwA8rczJPBqXDc0CkQ==
  /through/2.3.8:
    dev: true
    resolution:
      integrity: sha1-DdTJ/6q8NXlgsbckEV1+Doai4fU=
  /toidentifier/1.0.0:
    dev: false
    engines:
      node: '>=0.6'
    resolution:
      integrity: sha512-yaOH/Pk/VEhBWWTlhI+qXxDFXlejDGcQipMlyxda9nthulaxLZUNcUqFxokp0vcYnvteJln5FNQDRrxj3YcbVw==
  /tsc-watch/2.2.1_typescript@3.5.2:
    dependencies:
      cross-spawn: 5.1.0
      node-cleanup: 2.1.2
      ps-tree: 1.2.0
      string-argv: 0.1.2
      strip-ansi: 4.0.0
      typescript: 3.5.2
    dev: true
    engines:
      node: '>=6.4.0'
    hasBin: true
    peerDependencies:
      typescript: '*'
    resolution:
      integrity: sha512-E61+ozEutLDgmXN+1+rkoCaUmd2g/cpa4mpEPMA3gPi89PBJiAcIUtH0xdCxeChXlR9TcuwOuTqu5jZDRhgfRw==
  /type-is/1.6.18:
    dependencies:
      media-typer: 0.3.0
      mime-types: 2.1.24
    dev: false
    engines:
      node: '>= 0.6'
    resolution:
      integrity: sha512-TkRKr9sUTxEH8MdfuCSP7VizJyzRNMjj2J2do2Jr3Kym598JVdEksuzPQCnlFPW4ky9Q+iA+ma9BGm06XQBy8g==
  /typescript/3.5.2:
    dev: true
    engines:
      node: '>=4.2.0'
    hasBin: true
    resolution:
      integrity: sha512-7KxJovlYhTX5RaRbUdkAXN1KUZ8PwWlTzQdHV6xNqvuFOs7+WBo10TQUqT19Q/Jz2hk5v9TQDIhyLhhJY4p5AA==
  /typical/2.6.1:
    dev: false
    resolution:
      integrity: sha1-XAgOXWYcu+OCWdLnCjxyU+hziB0=
  /typical/4.0.0:
    dev: false
    engines:
      node: '>=8'
    resolution:
      integrity: sha512-VAH4IvQ7BDFYglMd7BPRDfLgxZZX4O4TFcRDA6EN5X7erNJJq+McIEp8np9aVtxrCJ6qx4GTYVfOWNjcqwZgRw==
  /unpipe/1.0.0:
    dev: false
    engines:
      node: '>= 0.8'
    resolution:
      integrity: sha1-sr9O6FFKrmFltIF4KdIbLvSZBOw=
  /utils-merge/1.0.1:
    dev: false
    engines:
      node: '>= 0.4.0'
    resolution:
      integrity: sha1-n5VxD1CiZ5R7LMwSR0HBAoQn5xM=
  /vary/1.1.2:
    dev: false
    engines:
      node: '>= 0.8'
    resolution:
      integrity: sha1-IpnwLG3tMNSllhsLn3RSShj2NPw=
  /vt-pbf/3.1.1:
    dependencies:
      '@mapbox/point-geometry': 0.1.0
      '@mapbox/vector-tile': 1.3.1
      pbf: 3.2.0
    dev: false
    resolution:
      integrity: sha512-pHjWdrIoxurpmTcbfBWXaPwSmtPAHS105253P1qyEfSTV2HJddqjM+kIHquaT/L6lVJIk9ltTGc0IxR/G47hYA==
  /which/1.3.1:
    dependencies:
      isexe: 2.0.0
    dev: true
    hasBin: true
    resolution:
      integrity: sha512-HxJdYWq1MTIQbJ3nw0cqssHoTNU267KlrDuGZ1WYlxDStUtKUhOaJmh112/TZmHxxUfuJqPXSOm7tDyas0OSIQ==
  /wordwrapjs/3.0.0:
    dependencies:
      reduce-flatten: 1.0.1
      typical: 2.6.1
    dev: false
    engines:
      node: '>=4.0.0'
    resolution:
      integrity: sha512-mO8XtqyPvykVCsrwj5MlOVWvSnCdT+C+QVbm6blradR7JExAhbkZ7hZ9A+9NUtwzSqrlUo9a67ws0EiILrvRpw==
  /yallist/2.1.2:
    dev: true
    resolution:
      integrity: sha1-HBH5IY8HYImkfdUS+TxmmaaoHVI=
specifiers:
  '@types/command-line-args': ^5.0.0
  '@types/cors': ^2.8.5
  '@types/express': ^4.17.0
  '@types/geojson': ^7946.0.7
  '@types/node': ^12.0.8
  command-line-args: ^5.1.1
  command-line-usage: ^5.0.5
  cors: ^2.8.5
  express: ^4.17.1
  geojson-vt: ^3.2.1
  tsc-watch: ^2.2.1
  typescript: ^3.5.2
  vt-pbf: ^3.1.1
